// !$*UTF8*$!
{
	archiveVersion = 1;
	classes = {
	};
	objectVersion = 56;
	objects = {

/* Begin PBXBuildFile section */
		3800FAF02AAE0FA1001B1135 /* Grid.swift in Sources */ = {isa = PBXBuildFile; fileRef = 3800FAEF2AAE0FA1001B1135 /* Grid.swift */; };
		3800FAF22AB07887001B1135 /* Player.swift in Sources */ = {isa = PBXBuildFile; fileRef = 3800FAF12AB07887001B1135 /* Player.swift */; };
		387E814E2A9F261C000AD21C /* AppDelegate.swift in Sources */ = {isa = PBXBuildFile; fileRef = 387E814D2A9F261C000AD21C /* AppDelegate.swift */; };
		387E81502A9F261C000AD21C /* SceneDelegate.swift in Sources */ = {isa = PBXBuildFile; fileRef = 387E814F2A9F261C000AD21C /* SceneDelegate.swift */; };
		387E81522A9F261C000AD21C /* GameViewController.swift in Sources */ = {isa = PBXBuildFile; fileRef = 387E81512A9F261C000AD21C /* GameViewController.swift */; };
		387E81572A9F261F000AD21C /* Assets.xcassets in Resources */ = {isa = PBXBuildFile; fileRef = 387E81562A9F261F000AD21C /* Assets.xcassets */; };
		387E815A2A9F261F000AD21C /* LaunchScreen.storyboard in Resources */ = {isa = PBXBuildFile; fileRef = 387E81582A9F261F000AD21C /* LaunchScreen.storyboard */; };
		387E81622A9F37CD000AD21C /* GameGridView.swift in Sources */ = {isa = PBXBuildFile; fileRef = 387E81612A9F37CD000AD21C /* GameGridView.swift */; };
		387E81652AA08D51000AD21C /* PlayerView.swift in Sources */ = {isa = PBXBuildFile; fileRef = 387E81642AA08D51000AD21C /* PlayerView.swift */; };
		387E81672AA09AB8000AD21C /* PlayerTurnIndicatorView.swift in Sources */ = {isa = PBXBuildFile; fileRef = 387E81662AA09AB8000AD21C /* PlayerTurnIndicatorView.swift */; };
		387E81692AA20DED000AD21C /* GameViewModel.swift in Sources */ = {isa = PBXBuildFile; fileRef = 387E81682AA20DED000AD21C /* GameViewModel.swift */; };
		387E816B2AAA09D8000AD21C /* Game.swift in Sources */ = {isa = PBXBuildFile; fileRef = 387E816A2AAA09D8000AD21C /* Game.swift */; };
/* End PBXBuildFile section */

/* Begin PBXFileReference section */
		3800FAEF2AAE0FA1001B1135 /* Grid.swift */ = {isa = PBXFileReference; lastKnownFileType = sourcecode.swift; path = Grid.swift; sourceTree = "<group>"; };
		3800FAF12AB07887001B1135 /* Player.swift */ = {isa = PBXFileReference; lastKnownFileType = sourcecode.swift; path = Player.swift; sourceTree = "<group>"; };
		387E814A2A9F261C000AD21C /* TicTacToe.app */ = {isa = PBXFileReference; explicitFileType = wrapper.application; includeInIndex = 0; path = TicTacToe.app; sourceTree = BUILT_PRODUCTS_DIR; };
		387E814D2A9F261C000AD21C /* AppDelegate.swift */ = {isa = PBXFileReference; lastKnownFileType = sourcecode.swift; path = AppDelegate.swift; sourceTree = "<group>"; };
		387E814F2A9F261C000AD21C /* SceneDelegate.swift */ = {isa = PBXFileReference; lastKnownFileType = sourcecode.swift; path = SceneDelegate.swift; sourceTree = "<group>"; };
		387E81512A9F261C000AD21C /* GameViewController.swift */ = {isa = PBXFileReference; lastKnownFileType = sourcecode.swift; path = GameViewController.swift; sourceTree = "<group>"; };
		387E81562A9F261F000AD21C /* Assets.xcassets */ = {isa = PBXFileReference; lastKnownFileType = folder.assetcatalog; path = Assets.xcassets; sourceTree = "<group>"; };
		387E81592A9F261F000AD21C /* Base */ = {isa = PBXFileReference; lastKnownFileType = file.storyboard; name = Base; path = Base.lproj/LaunchScreen.storyboard; sourceTree = "<group>"; };
		387E815B2A9F261F000AD21C /* Info.plist */ = {isa = PBXFileReference; lastKnownFileType = text.plist.xml; path = Info.plist; sourceTree = "<group>"; };
		387E81612A9F37CD000AD21C /* GameGridView.swift */ = {isa = PBXFileReference; lastKnownFileType = sourcecode.swift; path = GameGridView.swift; sourceTree = "<group>"; };
		387E81642AA08D51000AD21C /* PlayerView.swift */ = {isa = PBXFileReference; lastKnownFileType = sourcecode.swift; path = PlayerView.swift; sourceTree = "<group>"; };
		387E81662AA09AB8000AD21C /* PlayerTurnIndicatorView.swift */ = {isa = PBXFileReference; lastKnownFileType = sourcecode.swift; path = PlayerTurnIndicatorView.swift; sourceTree = "<group>"; };
		387E81682AA20DED000AD21C /* GameViewModel.swift */ = {isa = PBXFileReference; lastKnownFileType = sourcecode.swift; path = GameViewModel.swift; sourceTree = "<group>"; };
		387E816A2AAA09D8000AD21C /* Game.swift */ = {isa = PBXFileReference; lastKnownFileType = sourcecode.swift; name = Game.swift; path = TicTacToe/Model/Game.swift; sourceTree = SOURCE_ROOT; };
/* End PBXFileReference section */

/* Begin PBXFrameworksBuildPhase section */
		387E81472A9F261C000AD21C /* Frameworks */ = {
			isa = PBXFrameworksBuildPhase;
			buildActionMask = 2147483647;
			files = (
			);
			runOnlyForDeploymentPostprocessing = 0;
		};
/* End PBXFrameworksBuildPhase section */

/* Begin PBXGroup section */
		387E81412A9F261C000AD21C = {
			isa = PBXGroup;
			children = (
				387E814C2A9F261C000AD21C /* TicTacToe */,
				387E814B2A9F261C000AD21C /* Products */,
			);
			sourceTree = "<group>";
		};
		387E814B2A9F261C000AD21C /* Products */ = {
			isa = PBXGroup;
			children = (
				387E814A2A9F261C000AD21C /* TicTacToe.app */,
			);
			name = Products;
			sourceTree = "<group>";
		};
		387E814C2A9F261C000AD21C /* TicTacToe */ = {
			isa = PBXGroup;
			children = (
				387E814D2A9F261C000AD21C /* AppDelegate.swift */,
				387E814F2A9F261C000AD21C /* SceneDelegate.swift */,
				387E816C2AAA0A08000AD21C /* Model */,
				387E816D2AAA0A64000AD21C /* ViewModel */,
				387E81632A9F7F37000AD21C /* View */,
				387E81562A9F261F000AD21C /* Assets.xcassets */,
				387E81582A9F261F000AD21C /* LaunchScreen.storyboard */,
				387E815B2A9F261F000AD21C /* Info.plist */,
			);
			path = TicTacToe;
			sourceTree = "<group>";
		};
		387E81632A9F7F37000AD21C /* View */ = {
			isa = PBXGroup;
			children = (
				387E81512A9F261C000AD21C /* GameViewController.swift */,
				387E81612A9F37CD000AD21C /* GameGridView.swift */,
				387E81662AA09AB8000AD21C /* PlayerTurnIndicatorView.swift */,
				387E81642AA08D51000AD21C /* PlayerView.swift */,
			);
			path = View;
			sourceTree = "<group>";
		};
		387E816C2AAA0A08000AD21C /* Model */ = {
			isa = PBXGroup;
			children = (
				387E816A2AAA09D8000AD21C /* Game.swift */,
				3800FAF12AB07887001B1135 /* Player.swift */,
				3800FAEF2AAE0FA1001B1135 /* Grid.swift */,
			);
			path = Model;
			sourceTree = "<group>";
		};
		387E816D2AAA0A64000AD21C /* ViewModel */ = {
			isa = PBXGroup;
			children = (
				387E81682AA20DED000AD21C /* GameViewModel.swift */,
			);
			path = ViewModel;
			sourceTree = "<group>";
		};
/* End PBXGroup section */

/* Begin PBXNativeTarget section */
		387E81492A9F261C000AD21C /* TicTacToe */ = {
			isa = PBXNativeTarget;
			buildConfigurationList = 387E815E2A9F261F000AD21C /* Build configuration list for PBXNativeTarget "TicTacToe" */;
			buildPhases = (
				387E81462A9F261C000AD21C /* Sources */,
				387E81472A9F261C000AD21C /* Frameworks */,
				387E81482A9F261C000AD21C /* Resources */,
			);
			buildRules = (
			);
			dependencies = (
			);
			name = TicTacToe;
			productName = TicTacToe;
			productReference = 387E814A2A9F261C000AD21C /* TicTacToe.app */;
			productType = "com.apple.product-type.application";
		};
/* End PBXNativeTarget section */

/* Begin PBXProject section */
		387E81422A9F261C000AD21C /* Project object */ = {
			isa = PBXProject;
			attributes = {
				BuildIndependentTargetsInParallel = 1;
				LastSwiftUpdateCheck = 1430;
				LastUpgradeCheck = 1430;
				TargetAttributes = {
					387E81492A9F261C000AD21C = {
						CreatedOnToolsVersion = 14.3.1;
					};
				};
			};
			buildConfigurationList = 387E81452A9F261C000AD21C /* Build configuration list for PBXProject "TicTacToe" */;
			compatibilityVersion = "Xcode 14.0";
			developmentRegion = en;
			hasScannedForEncodings = 0;
			knownRegions = (
				en,
				Base,
			);
			mainGroup = 387E81412A9F261C000AD21C;
			productRefGroup = 387E814B2A9F261C000AD21C /* Products */;
			projectDirPath = "";
			projectRoot = "";
			targets = (
				387E81492A9F261C000AD21C /* TicTacToe */,
			);
		};
/* End PBXProject section */

/* Begin PBXResourcesBuildPhase section */
		387E81482A9F261C000AD21C /* Resources */ = {
			isa = PBXResourcesBuildPhase;
			buildActionMask = 2147483647;
			files = (
				387E815A2A9F261F000AD21C /* LaunchScreen.storyboard in Resources */,
				387E81572A9F261F000AD21C /* Assets.xcassets in Resources */,
			);
			runOnlyForDeploymentPostprocessing = 0;
		};
/* End PBXResourcesBuildPhase section */

/* Begin PBXSourcesBuildPhase section */
		387E81462A9F261C000AD21C /* Sources */ = {
			isa = PBXSourcesBuildPhase;
			buildActionMask = 2147483647;
			files = (
				387E81672AA09AB8000AD21C /* PlayerTurnIndicatorView.swift in Sources */,
				387E81522A9F261C000AD21C /* GameViewController.swift in Sources */,
				387E81622A9F37CD000AD21C /* GameGridView.swift in Sources */,
				387E814E2A9F261C000AD21C /* AppDelegate.swift in Sources */,
				387E81652AA08D51000AD21C /* PlayerView.swift in Sources */,
				387E816B2AAA09D8000AD21C /* Game.swift in Sources */,
				387E81502A9F261C000AD21C /* SceneDelegate.swift in Sources */,
				387E81692AA20DED000AD21C /* GameViewModel.swift in Sources */,
				3800FAF22AB07887001B1135 /* Player.swift in Sources */,
				3800FAF02AAE0FA1001B1135 /* Grid.swift in Sources */,
			);
			runOnlyForDeploymentPostprocessing = 0;
		};
/* End PBXSourcesBuildPhase section */

/* Begin PBXVariantGroup section */
		387E81582A9F261F000AD21C /* LaunchScreen.storyboard */ = {
			isa = PBXVariantGroup;
			children = (
				387E81592A9F261F000AD21C /* Base */,
			);
			name = LaunchScreen.storyboard;
			sourceTree = "<group>";
		};
/* End PBXVariantGroup section */

/* Begin XCBuildConfiguration section */
		387E815C2A9F261F000AD21C /* Debug */ = {
			isa = XCBuildConfiguration;
			buildSettings = {
				ALWAYS_SEARCH_USER_PATHS = NO;
				CLANG_ANALYZER_NONNULL = YES;
				CLANG_ANALYZER_NUMBER_OBJECT_CONVERSION = YES_AGGRESSIVE;
				CLANG_CXX_LANGUAGE_STANDARD = "gnu++20";
				CLANG_ENABLE_MODULES = YES;
				CLANG_ENABLE_OBJC_ARC = YES;
				CLANG_ENABLE_OBJC_WEAK = YES;
				CLANG_WARN_BLOCK_CAPTURE_AUTORELEASING = YES;
				CLANG_WARN_BOOL_CONVERSION = YES;
				CLANG_WARN_COMMA = YES;
				CLANG_WARN_CONSTANT_CONVERSION = YES;
				CLANG_WARN_DEPRECATED_OBJC_IMPLEMENTATIONS = YES;
				CLANG_WARN_DIRECT_OBJC_ISA_USAGE = YES_ERROR;
				CLANG_WARN_DOCUMENTATION_COMMENTS = YES;
				CLANG_WARN_EMPTY_BODY = YES;
				CLANG_WARN_ENUM_CONVERSION = YES;
				CLANG_WARN_INFINITE_RECURSION = YES;
				CLANG_WARN_INT_CONVERSION = YES;
				CLANG_WARN_NON_LITERAL_NULL_CONVERSION = YES;
				CLANG_WARN_OBJC_IMPLICIT_RETAIN_SELF = YES;
				CLANG_WARN_OBJC_LITERAL_CONVERSION = YES;
				CLANG_WARN_OBJC_ROOT_CLASS = YES_ERROR;
				CLANG_WARN_QUOTED_INCLUDE_IN_FRAMEWORK_HEADER = YES;
				CLANG_WARN_RANGE_LOOP_ANALYSIS = YES;
				CLANG_WARN_STRICT_PROTOTYPES = YES;
				CLANG_WARN_SUSPICIOUS_MOVE = YES;
				CLANG_WARN_UNGUARDED_AVAILABILITY = YES_AGGRESSIVE;
				CLANG_WARN_UNREACHABLE_CODE = YES;
				CLANG_WARN__DUPLICATE_METHOD_MATCH = YES;
				COPY_PHASE_STRIP = NO;
				DEBUG_INFORMATION_FORMAT = dwarf;
				ENABLE_STRICT_OBJC_MSGSEND = YES;
				ENABLE_TESTABILITY = YES;
				GCC_C_LANGUAGE_STANDARD = gnu11;
				GCC_DYNAMIC_NO_PIC = NO;
				GCC_NO_COMMON_BLOCKS = YES;
				GCC_OPTIMIZATION_LEVEL = 0;
				GCC_PREPROCESSOR_DEFINITIONS = (
					"DEBUG=1",
					"$(inherited)",
				);
				GCC_WARN_64_TO_32_BIT_CONVERSION = YES;
				GCC_WARN_ABOUT_RETURN_TYPE = YES_ERROR;
				GCC_WARN_UNDECLARED_SELECTOR = YES;
				GCC_WARN_UNINITIALIZED_AUTOS = YES_AGGRESSIVE;
				GCC_WARN_UNUSED_FUNCTION = YES;
				GCC_WARN_UNUSED_VARIABLE = YES;
				IPHONEOS_DEPLOYMENT_TARGET = 16.4;
				MTL_ENABLE_DEBUG_INFO = INCLUDE_SOURCE;
				MTL_FAST_MATH = YES;
				ONLY_ACTIVE_ARCH = YES;
				SDKROOT = iphoneos;
				SWIFT_ACTIVE_COMPILATION_CONDITIONS = DEBUG;
				SWIFT_OPTIMIZATION_LEVEL = "-Onone";
			};
			name = Debug;
		};
		387E815D2A9F261F000AD21C /* Release */ = {
			isa = XCBuildConfiguration;
			buildSettings = {
				ALWAYS_SEARCH_USER_PATHS = NO;
				CLANG_ANALYZER_NONNULL = YES;
				CLANG_ANALYZER_NUMBER_OBJECT_CONVERSION = YES_AGGRESSIVE;
				CLANG_CXX_LANGUAGE_STANDARD = "gnu++20";
				CLANG_ENABLE_MODULES = YES;
				CLANG_ENABLE_OBJC_ARC = YES;
				CLANG_ENABLE_OBJC_WEAK = YES;
				CLANG_WARN_BLOCK_CAPTURE_AUTORELEASING = YES;
				CLANG_WARN_BOOL_CONVERSION = YES;
				CLANG_WARN_COMMA = YES;
				CLANG_WARN_CONSTANT_CONVERSION = YES;
				CLANG_WARN_DEPRECATED_OBJC_IMPLEMENTATIONS = YES;
				CLANG_WARN_DIRECT_OBJC_ISA_USAGE = YES_ERROR;
				CLANG_WARN_DOCUMENTATION_COMMENTS = YES;
				CLANG_WARN_EMPTY_BODY = YES;
				CLANG_WARN_ENUM_CONVERSION = YES;
				CLANG_WARN_INFINITE_RECURSION = YES;
				CLANG_WARN_INT_CONVERSION = YES;
				CLANG_WARN_NON_LITERAL_NULL_CONVERSION = YES;
				CLANG_WARN_OBJC_IMPLICIT_RETAIN_SELF = YES;
				CLANG_WARN_OBJC_LITERAL_CONVERSION = YES;
				CLANG_WARN_OBJC_ROOT_CLASS = YES_ERROR;
				CLANG_WARN_QUOTED_INCLUDE_IN_FRAMEWORK_HEADER = YES;
				CLANG_WARN_RANGE_LOOP_ANALYSIS = YES;
				CLANG_WARN_STRICT_PROTOTYPES = YES;
				CLANG_WARN_SUSPICIOUS_MOVE = YES;
				CLANG_WARN_UNGUARDED_AVAILABILITY = YES_AGGRESSIVE;
				CLANG_WARN_UNREACHABLE_CODE = YES;
				CLANG_WARN__DUPLICATE_METHOD_MATCH = YES;
				COPY_PHASE_STRIP = NO;
				DEBUG_INFORMATION_FORMAT = "dwarf-with-dsym";
				ENABLE_NS_ASSERTIONS = NO;
				ENABLE_STRICT_OBJC_MSGSEND = YES;
				GCC_C_LANGUAGE_STANDARD = gnu11;
				GCC_NO_COMMON_BLOCKS = YES;
				GCC_WARN_64_TO_32_BIT_CONVERSION = YES;
				GCC_WARN_ABOUT_RETURN_TYPE = YES_ERROR;
				GCC_WARN_UNDECLARED_SELECTOR = YES;
				GCC_WARN_UNINITIALIZED_AUTOS = YES_AGGRESSIVE;
				GCC_WARN_UNUSED_FUNCTION = YES;
				GCC_WARN_UNUSED_VARIABLE = YES;
				IPHONEOS_DEPLOYMENT_TARGET = 16.4;
				MTL_ENABLE_DEBUG_INFO = NO;
				MTL_FAST_MATH = YES;
				SDKROOT = iphoneos;
				SWIFT_COMPILATION_MODE = wholemodule;
				SWIFT_OPTIMIZATION_LEVEL = "-O";
				VALIDATE_PRODUCT = YES;
			};
			name = Release;
		};
		387E815F2A9F261F000AD21C /* Debug */ = {
			isa = XCBuildConfiguration;
			buildSettings = {
				ASSETCATALOG_COMPILER_APPICON_NAME = AppIcon;
				ASSETCATALOG_COMPILER_GLOBAL_ACCENT_COLOR_NAME = AccentColor;
				CODE_SIGN_STYLE = Automatic;
				CURRENT_PROJECT_VERSION = 1;
				DEVELOPMENT_TEAM = FN8Z7T4LLW;
				GENERATE_INFOPLIST_FILE = YES;
				INFOPLIST_FILE = TicTacToe/Info.plist;
				INFOPLIST_KEY_UIApplicationSupportsIndirectInputEvents = YES;
				INFOPLIST_KEY_UILaunchStoryboardName = LaunchScreen;
				INFOPLIST_KEY_UISupportedInterfaceOrientations = UIInterfaceOrientationPortrait;
				INFOPLIST_KEY_UISupportedInterfaceOrientations_iPad = "UIInterfaceOrientationLandscapeLeft UIInterfaceOrientationLandscapeRight UIInterfaceOrientationPortrait UIInterfaceOrientationPortraitUpsideDown";
				LD_RUNPATH_SEARCH_PATHS = (
					"$(inherited)",
					"@executable_path/Frameworks",
				);
				MARKETING_VERSION = 1.0;
				PRODUCT_BUNDLE_IDENTIFIER = com.leleluu.TicTacToe;
				PRODUCT_NAME = "$(TARGET_NAME)";
				SUPPORTED_PLATFORMS = "iphoneos iphonesimulator";
				SUPPORTS_MACCATALYST = NO;
				SUPPORTS_MAC_DESIGNED_FOR_IPHONE_IPAD = NO;
				SWIFT_EMIT_LOC_STRINGS = YES;
				SWIFT_VERSION = 5.0;
				TARGETED_DEVICE_FAMILY = 1;
			};
			name = Debug;
		};
		387E81602A9F261F000AD21C /* Release */ = {
			isa = XCBuildConfiguration;
			buildSettings = {
				ASSETCATALOG_COMPILER_APPICON_NAME = AppIcon;
				ASSETCATALOG_COMPILER_GLOBAL_ACCENT_COLOR_NAME = AccentColor;
				CODE_SIGN_STYLE = Automatic;
				CURRENT_PROJECT_VERSION = 1;
				DEVELOPMENT_TEAM = FN8Z7T4LLW;
				GENERATE_INFOPLIST_FILE = YES;
				INFOPLIST_FILE = TicTacToe/Info.plist;
				INFOPLIST_KEY_UIApplicationSupportsIndirectInputEvents = YES;
				INFOPLIST_KEY_UILaunchStoryboardName = LaunchScreen;
				INFOPLIST_KEY_UISupportedInterfaceOrientations = UIInterfaceOrientationPortrait;
				INFOPLIST_KEY_UISupportedInterfaceOrientations_iPad = "UIInterfaceOrientationLandscapeLeft UIInterfaceOrientationLandscapeRight UIInterfaceOrientationPortrait UIInterfaceOrientationPortraitUpsideDown";
				LD_RUNPATH_SEARCH_PATHS = (
					"$(inherited)",
					"@executable_path/Frameworks",
				);
				MARKETING_VERSION = 1.0;
				PRODUCT_BUNDLE_IDENTIFIER = com.leleluu.TicTacToe;
				PRODUCT_NAME = "$(TARGET_NAME)";
				SUPPORTED_PLATFORMS = "iphoneos iphonesimulator";
				SUPPORTS_MACCATALYST = NO;
				SUPPORTS_MAC_DESIGNED_FOR_IPHONE_IPAD = NO;
				SWIFT_EMIT_LOC_STRINGS = YES;
				SWIFT_VERSION = 5.0;
				TARGETED_DEVICE_FAMILY = 1;
			};
			name = Release;
		};
/* End XCBuildConfiguration section */

/* Begin XCConfigurationList section */
		387E81452A9F261C000AD21C /* Build configuration list for PBXProject "TicTacToe" */ = {
			isa = XCConfigurationList;
			buildConfigurations = (
				387E815C2A9F261F000AD21C /* Debug */,
				387E815D2A9F261F000AD21C /* Release */,
			);
			defaultConfigurationIsVisible = 0;
			defaultConfigurationName = Release;
		};
		387E815E2A9F261F000AD21C /* Build configuration list for PBXNativeTarget "TicTacToe" */ = {
			isa = XCConfigurationList;
			buildConfigurations = (
				387E815F2A9F261F000AD21C /* Debug */,
				387E81602A9F261F000AD21C /* Release */,
			);
			defaultConfigurationIsVisible = 0;
			defaultConfigurationName = Release;
		};
/* End XCConfigurationList section */
	};
	rootObject = 387E81422A9F261C000AD21C /* Project object */;
}
